
Microsoft Visual Studio Solution File, Format Version 12.00
# Visual Studio Version 17
VisualStudioVersion = 17.5.33530.505
MinimumVisualStudioVersion = 10.0.40219.1
Project("{FAE04EC0-301F-11D3-BF4B-00C04F79EFBC}") = "Assembly-CSharp", "Assembly-CSharp.csproj", "{46C82C1A-C97F-29AC-2D51-078583AB3F21}"
EndProject
Global
	GlobalSection(SolutionConfigurationPlatforms) = preSolution
		Debug|Any CPU = Debug|Any CPU
		Release|Any CPU = Release|Any CPU
	EndGlobalSection
	GlobalSection(ProjectConfigurationPlatforms) = postSolution
		{46C82C1A-C97F-29AC-2D51-078583AB3F21}.Debug|Any CPU.ActiveCfg = Debug|Any CPU
		{46C82C1A-C97F-29AC-2D51-078583AB3F21}.Debug|Any CPU.Build.0 = Debug|Any CPU
		{46C82C1A-C97F-29AC-2D51-078583AB3F21}.Release|Any CPU.ActiveCfg = Release|Any CPU
		{46C82C1A-C97F-29AC-2D51-078583AB3F21}.Release|Any CPU.Build.0 = Release|Any CPU
	EndGlobalSection
	GlobalSection(SolutionProperties) = preSolution
		HideSolutionNode = FALSE
	EndGlobalSection
	GlobalSection(ExtensibilityGlobals) = postSolution
		SolutionGuid = {9B1B75F5-FFA4-403A-87B1-C7CA7DC10099}
	EndGlobalSection
EndGlobal
